<?xml version="1.0" encoding="UTF-8"?>
<Scheme
   LastUpgradeVersion = "1000"
   version = "1.3">
   <BuildAction
      parallelizeBuildables = "YES"
      buildImplicitDependencies = "YES">
      <BuildActionEntries>
         <BuildActionEntry
            buildForTesting = "YES"
            buildForRunning = "YES"
            buildForProfiling = "YES"
            buildForArchiving = "YES"
            buildForAnalyzing = "YES">
            <BuildableReference
               BuildableIdentifier = "primary"
               BlueprintIdentifier = "C9DAB1F32155D52100E34F8C"
               BuildableName = "gameboy emulator"
               BlueprintName = "gameboy emulator"
               ReferencedContainer = "container:gameboy emulator.xcodeproj">
            </BuildableReference>
         </BuildActionEntry>
      </BuildActionEntries>
   </BuildAction>
   <TestAction
      buildConfiguration = "Debug"
      selectedDebuggerIdentifier = "Xcode.DebuggerFoundation.Debugger.LLDB"
      selectedLauncherIdentifier = "Xcode.DebuggerFoundation.Launcher.LLDB"
      shouldUseLaunchSchemeArgsEnv = "YES">
      <Testables>
      </Testables>
      <MacroExpansion>
         <BuildableReference
            BuildableIdentifier = "primary"
            BlueprintIdentifier = "C9DAB1F32155D52100E34F8C"
            BuildableName = "gameboy emulator"
            BlueprintName = "gameboy emulator"
            ReferencedContainer = "container:gameboy emulator.xcodeproj">
         </BuildableReference>
      </MacroExpansion>
      <AdditionalOptions>
      </AdditionalOptions>
   </TestAction>
   <LaunchAction
      buildConfiguration = "Debug"
      selectedDebuggerIdentifier = "Xcode.DebuggerFoundation.Debugger.LLDB"
      selectedLauncherIdentifier = "Xcode.DebuggerFoundation.Launcher.LLDB"
      launchStyle = "0"
      useCustomWorkingDirectory = "YES"
      customWorkingDirectory = "/Users/kysr/Documents/xcode gameboy/gameboy emulator/gameboy emulator"
      ignoresPersistentStateOnLaunch = "NO"
      debugDocumentVersioning = "YES"
      debugServiceExtension = "internal"
      allowLocationSimulation = "YES">
      <BuildableProductRunnable
         runnableDebuggingMode = "0">
         <BuildableReference
            BuildableIdentifier = "primary"
            BlueprintIdentifier = "C9DAB1F32155D52100E34F8C"
            BuildableName = "gameboy emulator"
            BlueprintName = "gameboy emulator"
            ReferencedContainer = "container:gameboy emulator.xcodeproj">
         </BuildableReference>
      </BuildableProductRunnable>
      <CommandLineArguments>
         <CommandLineArgument
            argument = "Tetris-USA.gb"
            isEnabled = "NO">
         </CommandLineArgument>
         <CommandLineArgument
            argument = "zelda.gb"
            isEnabled = "NO">
         </CommandLineArgument>
         <CommandLineArgument
            argument = "castle.gb"
            isEnabled = "NO">
         </CommandLineArgument>
         <CommandLineArgument
            argument = "kirbyDL.gb"
            isEnabled = "NO">
         </CommandLineArgument>
         <CommandLineArgument
            argument = "05-op-rp.gb"
            isEnabled = "NO">
         </CommandLineArgument>
         <CommandLineArgument
            argument = "02-interrupts.gb"
            isEnabled = "NO">
         </CommandLineArgument>
         <CommandLineArgument
            argument = "dr-mario.gb"
            isEnabled = "NO">
         </CommandLineArgument>
         <CommandLineArgument
            argument = "cpu_instrs.gb"
            isEnabled = "YES">
         </CommandLineArgument>
         <CommandLineArgument
            argument = "ttt.gb"
            isEnabled = "NO">
         </CommandLineArgument>
         <CommandLineArgument
            argument = "opus5.gb"
            isEnabled = "NO">
         </CommandLineArgument>
      </CommandLineArguments>
      <AdditionalOptions>
      </AdditionalOptions>
   </LaunchAction>
   <ProfileAction
      buildConfiguration = "Release"
      shouldUseLaunchSchemeArgsEnv = "YES"
      savedToolIdentifier = ""
      useCustomWorkingDirectory = "NO"
      debugDocumentVersioning = "YES">
      <MacroExpansion>
         <BuildableReference
            BuildableIdentifier = "primary"
            BlueprintIdentifier = "C9DAB1F32155D52100E34F8C"
            BuildableName = "gameboy emulator"
            BlueprintName = "gameboy emulator"
            ReferencedContainer = "container:gameboy emulator.xcodeproj">
         </BuildableReference>
      </MacroExpansion>
   </ProfileAction>
   <AnalyzeAction
      buildConfiguration = "Debug">
   </AnalyzeAction>
   <ArchiveAction
      buildConfiguration = "Release"
      revealArchiveInOrganizer = "YES">
   </ArchiveAction>
</Scheme>
