// !$*UTF8*$!
{
	archiveVersion = 1;
	classes = {
	};
	objectVersion = 50;
	objects = {

/* Begin PBXBuildFile section */
		C99EA42421BCA6200039CA62 /* debug.cpp in Sources */ = {isa = PBXBuildFile; fileRef = C99EA42221BCA6200039CA62 /* debug.cpp */; };
		C99EA42721BCA78F0039CA62 /* definitions.cpp in Sources */ = {isa = PBXBuildFile; fileRef = C99EA42521BCA78F0039CA62 /* definitions.cpp */; };
		C99EA42A21BCA9A70039CA62 /* registers.cpp in Sources */ = {isa = PBXBuildFile; fileRef = C99EA42821BCA9A70039CA62 /* registers.cpp */; };
		C99EA42D21BCAC450039CA62 /* joypad.cpp in Sources */ = {isa = PBXBuildFile; fileRef = C99EA42B21BCAC450039CA62 /* joypad.cpp */; };
		C99EA43021BCAD960039CA62 /* bitOperations.cpp in Sources */ = {isa = PBXBuildFile; fileRef = C99EA42E21BCAD960039CA62 /* bitOperations.cpp */; };
		C99EA43321BCAE440039CA62 /* sprite.cpp in Sources */ = {isa = PBXBuildFile; fileRef = C99EA43121BCAE440039CA62 /* sprite.cpp */; };
		C99EA43621BCAFDC0039CA62 /* timer.cpp in Sources */ = {isa = PBXBuildFile; fileRef = C99EA43421BCAFDC0039CA62 /* timer.cpp */; };
		C99EA43921BCB0D50039CA62 /* apu.cpp in Sources */ = {isa = PBXBuildFile; fileRef = C99EA43721BCB0D50039CA62 /* apu.cpp */; };
		C99EA43C21BCB0F60039CA62 /* tone.cpp in Sources */ = {isa = PBXBuildFile; fileRef = C99EA43A21BCB0F60039CA62 /* tone.cpp */; };
		C99EA43F21BCB3270039CA62 /* mmu.cpp in Sources */ = {isa = PBXBuildFile; fileRef = C99EA43D21BCB3270039CA62 /* mmu.cpp */; };
		C99EA44221BCB6930039CA62 /* cpu.cpp in Sources */ = {isa = PBXBuildFile; fileRef = C99EA44021BCB6930039CA62 /* cpu.cpp */; };
		C99EA44521BCB9A30039CA62 /* ppu.cpp in Sources */ = {isa = PBXBuildFile; fileRef = C99EA44321BCB9A30039CA62 /* ppu.cpp */; };
		C99EA44821BCBC090039CA62 /* main.cpp in Sources */ = {isa = PBXBuildFile; fileRef = C99EA44621BCBC090039CA62 /* main.cpp */; };
		C9DAB2002155D60500E34F8C /* SDL2.framework in Frameworks */ = {isa = PBXBuildFile; fileRef = C9DAB1FF2155D60500E34F8C /* SDL2.framework */; };
/* End PBXBuildFile section */

/* Begin PBXCopyFilesBuildPhase section */
		C9DAB1F22155D52100E34F8C /* CopyFiles */ = {
			isa = PBXCopyFilesBuildPhase;
			buildActionMask = 2147483647;
			dstPath = /usr/share/man/man1/;
			dstSubfolderSpec = 0;
			files = (
			);
			runOnlyForDeploymentPostprocessing = 1;
		};
/* End PBXCopyFilesBuildPhase section */

/* Begin PBXFileReference section */
		C99EA42221BCA6200039CA62 /* debug.cpp */ = {isa = PBXFileReference; lastKnownFileType = sourcecode.cpp.cpp; path = debug.cpp; sourceTree = "<group>"; };
		C99EA42321BCA6200039CA62 /* debug.hpp */ = {isa = PBXFileReference; lastKnownFileType = sourcecode.cpp.h; path = debug.hpp; sourceTree = "<group>"; };
		C99EA42521BCA78F0039CA62 /* definitions.cpp */ = {isa = PBXFileReference; lastKnownFileType = sourcecode.cpp.cpp; path = definitions.cpp; sourceTree = "<group>"; };
		C99EA42621BCA78F0039CA62 /* definitions.hpp */ = {isa = PBXFileReference; lastKnownFileType = sourcecode.cpp.h; path = definitions.hpp; sourceTree = "<group>"; };
		C99EA42821BCA9A70039CA62 /* registers.cpp */ = {isa = PBXFileReference; lastKnownFileType = sourcecode.cpp.cpp; path = registers.cpp; sourceTree = "<group>"; };
		C99EA42921BCA9A70039CA62 /* registers.hpp */ = {isa = PBXFileReference; lastKnownFileType = sourcecode.cpp.h; path = registers.hpp; sourceTree = "<group>"; };
		C99EA42B21BCAC450039CA62 /* joypad.cpp */ = {isa = PBXFileReference; lastKnownFileType = sourcecode.cpp.cpp; path = joypad.cpp; sourceTree = "<group>"; };
		C99EA42C21BCAC450039CA62 /* joypad.hpp */ = {isa = PBXFileReference; lastKnownFileType = sourcecode.cpp.h; path = joypad.hpp; sourceTree = "<group>"; };
		C99EA42E21BCAD960039CA62 /* bitOperations.cpp */ = {isa = PBXFileReference; lastKnownFileType = sourcecode.cpp.cpp; path = bitOperations.cpp; sourceTree = "<group>"; };
		C99EA42F21BCAD960039CA62 /* bitOperations.hpp */ = {isa = PBXFileReference; lastKnownFileType = sourcecode.cpp.h; path = bitOperations.hpp; sourceTree = "<group>"; };
		C99EA43121BCAE440039CA62 /* sprite.cpp */ = {isa = PBXFileReference; lastKnownFileType = sourcecode.cpp.cpp; path = sprite.cpp; sourceTree = "<group>"; };
		C99EA43221BCAE440039CA62 /* sprite.hpp */ = {isa = PBXFileReference; lastKnownFileType = sourcecode.cpp.h; path = sprite.hpp; sourceTree = "<group>"; };
		C99EA43421BCAFDC0039CA62 /* timer.cpp */ = {isa = PBXFileReference; lastKnownFileType = sourcecode.cpp.cpp; path = timer.cpp; sourceTree = "<group>"; };
		C99EA43521BCAFDC0039CA62 /* timer.hpp */ = {isa = PBXFileReference; lastKnownFileType = sourcecode.cpp.h; path = timer.hpp; sourceTree = "<group>"; };
		C99EA43721BCB0D50039CA62 /* apu.cpp */ = {isa = PBXFileReference; lastKnownFileType = sourcecode.cpp.cpp; path = apu.cpp; sourceTree = "<group>"; };
		C99EA43821BCB0D50039CA62 /* apu.hpp */ = {isa = PBXFileReference; lastKnownFileType = sourcecode.cpp.h; path = apu.hpp; sourceTree = "<group>"; };
		C99EA43A21BCB0F60039CA62 /* tone.cpp */ = {isa = PBXFileReference; lastKnownFileType = sourcecode.cpp.cpp; path = tone.cpp; sourceTree = "<group>"; };
		C99EA43B21BCB0F60039CA62 /* tone.hpp */ = {isa = PBXFileReference; lastKnownFileType = sourcecode.cpp.h; path = tone.hpp; sourceTree = "<group>"; };
		C99EA43D21BCB3270039CA62 /* mmu.cpp */ = {isa = PBXFileReference; lastKnownFileType = sourcecode.cpp.cpp; path = mmu.cpp; sourceTree = "<group>"; };
		C99EA43E21BCB3270039CA62 /* mmu.hpp */ = {isa = PBXFileReference; lastKnownFileType = sourcecode.cpp.h; path = mmu.hpp; sourceTree = "<group>"; };
		C99EA44021BCB6930039CA62 /* cpu.cpp */ = {isa = PBXFileReference; lastKnownFileType = sourcecode.cpp.cpp; path = cpu.cpp; sourceTree = "<group>"; };
		C99EA44121BCB6930039CA62 /* cpu.hpp */ = {isa = PBXFileReference; lastKnownFileType = sourcecode.cpp.h; path = cpu.hpp; sourceTree = "<group>"; };
		C99EA44321BCB9A30039CA62 /* ppu.cpp */ = {isa = PBXFileReference; lastKnownFileType = sourcecode.cpp.cpp; path = ppu.cpp; sourceTree = "<group>"; };
		C99EA44421BCB9A30039CA62 /* ppu.hpp */ = {isa = PBXFileReference; lastKnownFileType = sourcecode.cpp.h; path = ppu.hpp; sourceTree = "<group>"; };
		C99EA44621BCBC090039CA62 /* main.cpp */ = {isa = PBXFileReference; lastKnownFileType = sourcecode.cpp.cpp; path = main.cpp; sourceTree = "<group>"; };
		C99EA44721BCBC090039CA62 /* main.hpp */ = {isa = PBXFileReference; lastKnownFileType = sourcecode.cpp.h; path = main.hpp; sourceTree = "<group>"; };
		C9DAB1F42155D52100E34F8C /* gameboy emulator */ = {isa = PBXFileReference; explicitFileType = "compiled.mach-o.executable"; includeInIndex = 0; path = "gameboy emulator"; sourceTree = BUILT_PRODUCTS_DIR; };
		C9DAB1FF2155D60500E34F8C /* SDL2.framework */ = {isa = PBXFileReference; lastKnownFileType = wrapper.framework; name = SDL2.framework; path = ../../../../../Library/Frameworks/SDL2.framework; sourceTree = "<group>"; };
/* End PBXFileReference section */

/* Begin PBXFrameworksBuildPhase section */
		C9DAB1F12155D52100E34F8C /* Frameworks */ = {
			isa = PBXFrameworksBuildPhase;
			buildActionMask = 2147483647;
			files = (
				C9DAB2002155D60500E34F8C /* SDL2.framework in Frameworks */,
			);
			runOnlyForDeploymentPostprocessing = 0;
		};
/* End PBXFrameworksBuildPhase section */

/* Begin PBXGroup section */
		C9DAB1EB2155D52100E34F8C = {
			isa = PBXGroup;
			children = (
				C99EA44621BCBC090039CA62 /* main.cpp */,
				C99EA44721BCBC090039CA62 /* main.hpp */,
				C99EA44321BCB9A30039CA62 /* ppu.cpp */,
				C99EA44421BCB9A30039CA62 /* ppu.hpp */,
				C99EA44021BCB6930039CA62 /* cpu.cpp */,
				C99EA44121BCB6930039CA62 /* cpu.hpp */,
				C99EA43D21BCB3270039CA62 /* mmu.cpp */,
				C99EA43E21BCB3270039CA62 /* mmu.hpp */,
				C99EA43A21BCB0F60039CA62 /* tone.cpp */,
				C99EA43B21BCB0F60039CA62 /* tone.hpp */,
				C99EA43721BCB0D50039CA62 /* apu.cpp */,
				C99EA43821BCB0D50039CA62 /* apu.hpp */,
				C99EA43421BCAFDC0039CA62 /* timer.cpp */,
				C99EA43521BCAFDC0039CA62 /* timer.hpp */,
				C99EA43121BCAE440039CA62 /* sprite.cpp */,
				C99EA43221BCAE440039CA62 /* sprite.hpp */,
				C99EA42E21BCAD960039CA62 /* bitOperations.cpp */,
				C99EA42F21BCAD960039CA62 /* bitOperations.hpp */,
				C99EA42B21BCAC450039CA62 /* joypad.cpp */,
				C99EA42C21BCAC450039CA62 /* joypad.hpp */,
				C99EA42821BCA9A70039CA62 /* registers.cpp */,
				C99EA42921BCA9A70039CA62 /* registers.hpp */,
				C99EA42521BCA78F0039CA62 /* definitions.cpp */,
				C99EA42621BCA78F0039CA62 /* definitions.hpp */,
				C99EA42221BCA6200039CA62 /* debug.cpp */,
				C99EA42321BCA6200039CA62 /* debug.hpp */,
				C9DAB1F52155D52100E34F8C /* Products */,
				C9DAB1FE2155D60400E34F8C /* Frameworks */,
			);
			sourceTree = "<group>";
		};
		C9DAB1F52155D52100E34F8C /* Products */ = {
			isa = PBXGroup;
			children = (
				C9DAB1F42155D52100E34F8C /* gameboy emulator */,
			);
			name = Products;
			sourceTree = "<group>";
		};
		C9DAB1FE2155D60400E34F8C /* Frameworks */ = {
			isa = PBXGroup;
			children = (
				C9DAB1FF2155D60500E34F8C /* SDL2.framework */,
			);
			name = Frameworks;
			sourceTree = "<group>";
		};
/* End PBXGroup section */

/* Begin PBXNativeTarget section */
		C9DAB1F32155D52100E34F8C /* gameboy emulator */ = {
			isa = PBXNativeTarget;
			buildConfigurationList = C9DAB1FB2155D52100E34F8C /* Build configuration list for PBXNativeTarget "gameboy emulator" */;
			buildPhases = (
				C9DAB1F02155D52100E34F8C /* Sources */,
				C9DAB1F12155D52100E34F8C /* Frameworks */,
				C9DAB1F22155D52100E34F8C /* CopyFiles */,
			);
			buildRules = (
			);
			dependencies = (
			);
			name = "gameboy emulator";
			productName = "gameboy emulator";
			productReference = C9DAB1F42155D52100E34F8C /* gameboy emulator */;
			productType = "com.apple.product-type.tool";
		};
/* End PBXNativeTarget section */

/* Begin PBXProject section */
		C9DAB1EC2155D52100E34F8C /* Project object */ = {
			isa = PBXProject;
			attributes = {
				LastUpgradeCheck = 1000;
				ORGANIZATIONNAME = "Abdullah Sohail";
				TargetAttributes = {
					C9DAB1F32155D52100E34F8C = {
						CreatedOnToolsVersion = 10.0;
					};
				};
			};
			buildConfigurationList = C9DAB1EF2155D52100E34F8C /* Build configuration list for PBXProject "gameboy emulator" */;
			compatibilityVersion = "Xcode 9.3";
			developmentRegion = en;
			hasScannedForEncodings = 0;
			knownRegions = (
				en,
			);
			mainGroup = C9DAB1EB2155D52100E34F8C;
			productRefGroup = C9DAB1F52155D52100E34F8C /* Products */;
			projectDirPath = "";
			projectRoot = "";
			targets = (
				C9DAB1F32155D52100E34F8C /* gameboy emulator */,
			);
		};
/* End PBXProject section */

/* Begin PBXSourcesBuildPhase section */
		C9DAB1F02155D52100E34F8C /* Sources */ = {
			isa = PBXSourcesBuildPhase;
			buildActionMask = 2147483647;
			files = (
				C99EA44221BCB6930039CA62 /* cpu.cpp in Sources */,
				C99EA43C21BCB0F60039CA62 /* tone.cpp in Sources */,
				C99EA42721BCA78F0039CA62 /* definitions.cpp in Sources */,
				C99EA42A21BCA9A70039CA62 /* registers.cpp in Sources */,
				C99EA44821BCBC090039CA62 /* main.cpp in Sources */,
				C99EA43F21BCB3270039CA62 /* mmu.cpp in Sources */,
				C99EA43321BCAE440039CA62 /* sprite.cpp in Sources */,
				C99EA42D21BCAC450039CA62 /* joypad.cpp in Sources */,
				C99EA42421BCA6200039CA62 /* debug.cpp in Sources */,
				C99EA43921BCB0D50039CA62 /* apu.cpp in Sources */,
				C99EA43021BCAD960039CA62 /* bitOperations.cpp in Sources */,
				C99EA43621BCAFDC0039CA62 /* timer.cpp in Sources */,
				C99EA44521BCB9A30039CA62 /* ppu.cpp in Sources */,
			);
			runOnlyForDeploymentPostprocessing = 0;
		};
/* End PBXSourcesBuildPhase section */

/* Begin XCBuildConfiguration section */
		C9DAB1F92155D52100E34F8C /* Debug */ = {
			isa = XCBuildConfiguration;
			buildSettings = {
				ALWAYS_SEARCH_USER_PATHS = NO;
				CLANG_ANALYZER_NONNULL = YES;
				CLANG_ANALYZER_NUMBER_OBJECT_CONVERSION = YES_AGGRESSIVE;
				CLANG_CXX_LANGUAGE_STANDARD = "gnu++14";
				CLANG_CXX_LIBRARY = "libc++";
				CLANG_ENABLE_MODULES = YES;
				CLANG_ENABLE_OBJC_ARC = YES;
				CLANG_ENABLE_OBJC_WEAK = YES;
				CLANG_WARN_BLOCK_CAPTURE_AUTORELEASING = YES;
				CLANG_WARN_BOOL_CONVERSION = YES;
				CLANG_WARN_COMMA = YES;
				CLANG_WARN_CONSTANT_CONVERSION = YES;
				CLANG_WARN_DEPRECATED_OBJC_IMPLEMENTATIONS = YES;
				CLANG_WARN_DIRECT_OBJC_ISA_USAGE = YES_ERROR;
				CLANG_WARN_DOCUMENTATION_COMMENTS = YES;
				CLANG_WARN_EMPTY_BODY = YES;
				CLANG_WARN_ENUM_CONVERSION = YES;
				CLANG_WARN_INFINITE_RECURSION = YES;
				CLANG_WARN_INT_CONVERSION = YES;
				CLANG_WARN_NON_LITERAL_NULL_CONVERSION = YES;
				CLANG_WARN_OBJC_IMPLICIT_RETAIN_SELF = YES;
				CLANG_WARN_OBJC_LITERAL_CONVERSION = YES;
				CLANG_WARN_OBJC_ROOT_CLASS = YES_ERROR;
				CLANG_WARN_RANGE_LOOP_ANALYSIS = YES;
				CLANG_WARN_STRICT_PROTOTYPES = YES;
				CLANG_WARN_SUSPICIOUS_MOVE = YES;
				CLANG_WARN_UNGUARDED_AVAILABILITY = YES_AGGRESSIVE;
				CLANG_WARN_UNREACHABLE_CODE = YES;
				CLANG_WARN__DUPLICATE_METHOD_MATCH = YES;
				CODE_SIGN_IDENTITY = "-";
				COPY_PHASE_STRIP = NO;
				DEBUG_INFORMATION_FORMAT = dwarf;
				ENABLE_STRICT_OBJC_MSGSEND = YES;
				ENABLE_TESTABILITY = YES;
				GCC_C_LANGUAGE_STANDARD = gnu11;
				GCC_DYNAMIC_NO_PIC = NO;
				GCC_NO_COMMON_BLOCKS = YES;
				GCC_OPTIMIZATION_LEVEL = 0;
				GCC_PREPROCESSOR_DEFINITIONS = (
					"DEBUG=1",
					"$(inherited)",
				);
				GCC_WARN_64_TO_32_BIT_CONVERSION = YES;
				GCC_WARN_ABOUT_RETURN_TYPE = YES_ERROR;
				GCC_WARN_UNDECLARED_SELECTOR = YES;
				GCC_WARN_UNINITIALIZED_AUTOS = YES_AGGRESSIVE;
				GCC_WARN_UNUSED_FUNCTION = YES;
				GCC_WARN_UNUSED_VARIABLE = YES;
				MACOSX_DEPLOYMENT_TARGET = 10.13;
				MTL_ENABLE_DEBUG_INFO = INCLUDE_SOURCE;
				MTL_FAST_MATH = YES;
				ONLY_ACTIVE_ARCH = YES;
				OTHER_CFLAGS = "";
				"OTHER_CFLAGS[arch=*]" = "-O0";
				SDKROOT = macosx;
			};
			name = Debug;
		};
		C9DAB1FA2155D52100E34F8C /* Release */ = {
			isa = XCBuildConfiguration;
			buildSettings = {
				ALWAYS_SEARCH_USER_PATHS = NO;
				CLANG_ANALYZER_NONNULL = YES;
				CLANG_ANALYZER_NUMBER_OBJECT_CONVERSION = YES_AGGRESSIVE;
				CLANG_CXX_LANGUAGE_STANDARD = "gnu++14";
				CLANG_CXX_LIBRARY = "libc++";
				CLANG_ENABLE_MODULES = YES;
				CLANG_ENABLE_OBJC_ARC = YES;
				CLANG_ENABLE_OBJC_WEAK = YES;
				CLANG_WARN_BLOCK_CAPTURE_AUTORELEASING = YES;
				CLANG_WARN_BOOL_CONVERSION = YES;
				CLANG_WARN_COMMA = YES;
				CLANG_WARN_CONSTANT_CONVERSION = YES;
				CLANG_WARN_DEPRECATED_OBJC_IMPLEMENTATIONS = YES;
				CLANG_WARN_DIRECT_OBJC_ISA_USAGE = YES_ERROR;
				CLANG_WARN_DOCUMENTATION_COMMENTS = YES;
				CLANG_WARN_EMPTY_BODY = YES;
				CLANG_WARN_ENUM_CONVERSION = YES;
				CLANG_WARN_INFINITE_RECURSION = YES;
				CLANG_WARN_INT_CONVERSION = YES;
				CLANG_WARN_NON_LITERAL_NULL_CONVERSION = YES;
				CLANG_WARN_OBJC_IMPLICIT_RETAIN_SELF = YES;
				CLANG_WARN_OBJC_LITERAL_CONVERSION = YES;
				CLANG_WARN_OBJC_ROOT_CLASS = YES_ERROR;
				CLANG_WARN_RANGE_LOOP_ANALYSIS = YES;
				CLANG_WARN_STRICT_PROTOTYPES = YES;
				CLANG_WARN_SUSPICIOUS_MOVE = YES;
				CLANG_WARN_UNGUARDED_AVAILABILITY = YES_AGGRESSIVE;
				CLANG_WARN_UNREACHABLE_CODE = YES;
				CLANG_WARN__DUPLICATE_METHOD_MATCH = YES;
				CODE_SIGN_IDENTITY = "-";
				COPY_PHASE_STRIP = NO;
				DEBUG_INFORMATION_FORMAT = "dwarf-with-dsym";
				ENABLE_NS_ASSERTIONS = NO;
				ENABLE_STRICT_OBJC_MSGSEND = YES;
				GCC_C_LANGUAGE_STANDARD = gnu11;
				GCC_NO_COMMON_BLOCKS = YES;
				GCC_OPTIMIZATION_LEVEL = 0;
				GCC_WARN_64_TO_32_BIT_CONVERSION = YES;
				GCC_WARN_ABOUT_RETURN_TYPE = YES_ERROR;
				GCC_WARN_UNDECLARED_SELECTOR = YES;
				GCC_WARN_UNINITIALIZED_AUTOS = YES_AGGRESSIVE;
				GCC_WARN_UNUSED_FUNCTION = YES;
				GCC_WARN_UNUSED_VARIABLE = YES;
				MACOSX_DEPLOYMENT_TARGET = 10.13;
				MTL_ENABLE_DEBUG_INFO = NO;
				MTL_FAST_MATH = YES;
				OTHER_CFLAGS = "";
				SDKROOT = macosx;
			};
			name = Release;
		};
		C9DAB1FC2155D52100E34F8C /* Debug */ = {
			isa = XCBuildConfiguration;
			buildSettings = {
				CODE_SIGN_STYLE = Automatic;
				FRAMEWORK_SEARCH_PATHS = (
					"$(inherited)",
					"$(LOCAL_LIBRARY_DIR)/Frameworks",
				);
				GCC_OPTIMIZATION_LEVEL = fast;
				PRODUCT_NAME = "$(TARGET_NAME)";
			};
			name = Debug;
		};
		C9DAB1FD2155D52100E34F8C /* Release */ = {
			isa = XCBuildConfiguration;
			buildSettings = {
				CODE_SIGN_STYLE = Automatic;
				FRAMEWORK_SEARCH_PATHS = (
					"$(inherited)",
					"$(LOCAL_LIBRARY_DIR)/Frameworks",
				);
				GCC_OPTIMIZATION_LEVEL = fast;
				PRODUCT_NAME = "$(TARGET_NAME)";
			};
			name = Release;
		};
/* End XCBuildConfiguration section */

/* Begin XCConfigurationList section */
		C9DAB1EF2155D52100E34F8C /* Build configuration list for PBXProject "gameboy emulator" */ = {
			isa = XCConfigurationList;
			buildConfigurations = (
				C9DAB1F92155D52100E34F8C /* Debug */,
				C9DAB1FA2155D52100E34F8C /* Release */,
			);
			defaultConfigurationIsVisible = 0;
			defaultConfigurationName = Release;
		};
		C9DAB1FB2155D52100E34F8C /* Build configuration list for PBXNativeTarget "gameboy emulator" */ = {
			isa = XCConfigurationList;
			buildConfigurations = (
				C9DAB1FC2155D52100E34F8C /* Debug */,
				C9DAB1FD2155D52100E34F8C /* Release */,
			);
			defaultConfigurationIsVisible = 0;
			defaultConfigurationName = Release;
		};
/* End XCConfigurationList section */
	};
	rootObject = C9DAB1EC2155D52100E34F8C /* Project object */;
}
